
Microsoft Visual Studio Solution File, Format Version 12.00
# Visual Studio Version 17
VisualStudioVersion = 17.7.34221.43
MinimumVisualStudioVersion = 10.0.40219.1
Project("{9A19103F-16F7-4668-BE54-9A1E7A4F7556}") = "webhooks-api-v2-sample-azure-function", "webhooks-api-v2-sample-azure-function.csproj", "{DA905517-3CD2-4B9F-936F-C03D1CB1A60C}"
EndProject
Global
	GlobalSection(SolutionConfigurationPlatforms) = preSolution
		Debug|Any CPU = Debug|Any CPU
		Release|Any CPU = Release|Any CPU
	EndGlobalSection
	GlobalSection(ProjectConfigurationPlatforms) = postSolution
		{DA905517-3CD2-4B9F-936F-C03D1CB1A60C}.Debug|Any CPU.ActiveCfg = Debug|Any CPU
		{DA905517-3CD2-4B9F-936F-C03D1CB1A60C}.Debug|Any CPU.Build.0 = Debug|Any CPU
		{DA905517-3CD2-4B9F-936F-C03D1CB1A60C}.Release|Any CPU.ActiveCfg = Release|Any CPU
		{DA905517-3CD2-4B9F-936F-C03D1CB1A60C}.Release|Any CPU.Build.0 = Release|Any CPU
	EndGlobalSection
	GlobalSection(SolutionProperties) = preSolution
		HideSolutionNode = FALSE
	EndGlobalSection
	GlobalSection(ExtensibilityGlobals) = postSolution
		SolutionGuid = {4B7184C9-D2C6-42DA-ABD6-7CF57AD29980}
	EndGlobalSection
EndGlobal
